<?xml version="1.0" encoding="utf-8"?>
<Project ToolsVersion="4.0" xmlns="http://schemas.microsoft.com/developer/msbuild/2003">
  <ItemGroup>
    <ClCompile Include="CBoss01.cpp">
      <Filter>소스 파일\01. Object\02. Boss</Filter>
    </ClCompile>
    <ClCompile Include="CBoss01Bullet.cpp">
      <Filter>소스 파일\01. Object\01. Bullet</Filter>
    </ClCompile>
    <ClCompile Include="CBoss02.cpp">
      <Filter>소스 파일\01. Object\02. Boss</Filter>
    </ClCompile>
    <ClCompile Include="CBossBullet.cpp">
      <Filter>소스 파일\01. Object\01. Bullet</Filter>
    </ClCompile>
    <ClCompile Include="CBullet.cpp">
      <Filter>소스 파일\01. Object\01. Bullet</Filter>
    </ClCompile>
    <ClCompile Include="CBullet_Monster01.cpp">
      <Filter>소스 파일\01. Object\01. Bullet</Filter>
    </ClCompile>
    <ClCompile Include="CBullet_Monster02.cpp">
      <Filter>소스 파일\01. Object\01. Bullet</Filter>
    </ClCompile>
    <ClCompile Include="CCollisionMgr.cpp">
      <Filter>소스 파일\02. Manager</Filter>
    </ClCompile>
    <ClCompile Include="CItem.cpp">
      <Filter>소스 파일\01. Object\04. Item</Filter>
    </ClCompile>
    <ClCompile Include="CItem_AddBullet.cpp">
      <Filter>소스 파일\01. Object\04. Item</Filter>
    </ClCompile>
    <ClCompile Include="CMonster01.cpp">
      <Filter>소스 파일\01. Object\03. Monster</Filter>
    </ClCompile>
    <ClCompile Include="CMonster02.cpp">
      <Filter>소스 파일\01. Object\03. Monster</Filter>
    </ClCompile>
    <ClCompile Include="CObj.cpp">
      <Filter>소스 파일\01. Object</Filter>
    </ClCompile>
    <ClCompile Include="CPlayer.cpp">
      <Filter>소스 파일\01. Object\00. Player</Filter>
    </ClCompile>
    <ClCompile Include="CPlayerBullet.cpp">
      <Filter>소스 파일\01. Object\01. Bullet</Filter>
    </ClCompile>
    <ClCompile Include="CSceneMgr.cpp">
      <Filter>소스 파일\02. Manager</Filter>
    </ClCompile>
    <ClCompile Include="CShield.cpp">
      <Filter>소스 파일\01. Object\01. Bullet</Filter>
    </ClCompile>
    <ClCompile Include="CScene.cpp">
      <Filter>소스 파일\03. Scene</Filter>
    </ClCompile>
    <ClCompile Include="CStage01.cpp">
      <Filter>소스 파일\03. Scene</Filter>
    </ClCompile>
    <ClCompile Include="CStage02.cpp">
      <Filter>소스 파일\03. Scene</Filter>
    </ClCompile>
    <ClCompile Include="CStage03.cpp">
      <Filter>소스 파일\03. Scene</Filter>
    </ClCompile>
    <ClCompile Include="CTempStage.cpp">
      <Filter>소스 파일\03. Scene</Filter>
    </ClCompile>
    <ClCompile Include="CTimerMgr.cpp">
      <Filter>소스 파일\02. Manager</Filter>
    </ClCompile>
    <ClCompile Include="Mouse.cpp">
      <Filter>소스 파일\01. Object</Filter>
    </ClCompile>
    <ClCompile Include="pch.cpp">
      <Filter>소스 파일\헤더 파일</Filter>
    </ClCompile>
    <ClCompile Include="CMainGame.cpp">
      <Filter>소스 파일\00. MainGame</Filter>
    </ClCompile>
    <ClCompile Include="Jusin_Team_1945.cpp">
      <Filter>소스 파일\00. MainGame</Filter>
    </ClCompile>
<<<<<<< HEAD
    <ClCompile Include="CItemMgr.cpp">
      <Filter>소스 파일\02. Manager</Filter>
    </ClCompile>
    <ClCompile Include="CItem_Shield.cpp">
      <Filter>소스 파일\01. Object\04. Item</Filter>
    </ClCompile>
    <ClCompile Include="CItem_Potion.cpp">
      <Filter>소스 파일\01. Object\04. Item</Filter>
    </ClCompile>
    <ClCompile Include="CItem_Erase.cpp">
      <Filter>소스 파일\01. Object\04. Item</Filter>
    </ClCompile>
    <ClCompile Include="CItem_Pet.cpp">
      <Filter>소스 파일\01. Object\04. Item</Filter>
    </ClCompile>
    <ClCompile Include="CEraser.cpp">
      <Filter>소스 파일\01. Object\01. Bullet</Filter>
    </ClCompile>
=======
    <ClCompile Include="CUIMgr.cpp">
      <Filter>소스 파일\02. Manager</Filter>
    </ClCompile>
>>>>>>> origin/aneunsoo
  </ItemGroup>
  <ItemGroup>
    <ClInclude Include="AbstractFactory.h">
      <Filter>소스 파일\99. Design</Filter>
    </ClInclude>
    <ClInclude Include="CBoss01.h">
      <Filter>소스 파일\01. Object\02. Boss</Filter>
    </ClInclude>
    <ClInclude Include="CBoss01Bullet.h">
      <Filter>소스 파일\01. Object\01. Bullet</Filter>
    </ClInclude>
    <ClInclude Include="CBoss02.h">
      <Filter>소스 파일\01. Object\02. Boss</Filter>
    </ClInclude>
    <ClInclude Include="CBossBullet.h">
      <Filter>소스 파일\01. Object\01. Bullet</Filter>
    </ClInclude>
    <ClInclude Include="CBullet.h">
      <Filter>소스 파일\01. Object\01. Bullet</Filter>
    </ClInclude>
    <ClInclude Include="CBullet_Monster01.h">
      <Filter>소스 파일\01. Object\01. Bullet</Filter>
    </ClInclude>
    <ClInclude Include="CBullet_Monster02.h">
      <Filter>소스 파일\01. Object\01. Bullet</Filter>
    </ClInclude>
    <ClInclude Include="CCollisionMgr.h">
      <Filter>소스 파일\02. Manager</Filter>
    </ClInclude>
    <ClInclude Include="CItem.h">
      <Filter>소스 파일\01. Object\04. Item</Filter>
    </ClInclude>
    <ClInclude Include="CItem_AddBullet.h">
      <Filter>소스 파일\01. Object\04. Item</Filter>
    </ClInclude>
    <ClInclude Include="CMonster01.h">
      <Filter>소스 파일\01. Object\03. Monster</Filter>
    </ClInclude>
    <ClInclude Include="CMonster02.h">
      <Filter>소스 파일\01. Object\03. Monster</Filter>
    </ClInclude>
    <ClInclude Include="CObj.h">
      <Filter>소스 파일\01. Object</Filter>
    </ClInclude>
    <ClInclude Include="CPlayer.h">
      <Filter>소스 파일\01. Object\00. Player</Filter>
    </ClInclude>
    <ClInclude Include="CPlayerBullet.h">
      <Filter>소스 파일\01. Object\01. Bullet</Filter>
    </ClInclude>
    <ClInclude Include="CSceneMgr.h">
      <Filter>소스 파일\02. Manager</Filter>
    </ClInclude>
    <ClInclude Include="CShield.h">
      <Filter>소스 파일\01. Object\01. Bullet</Filter>
    </ClInclude>
    <ClInclude Include="CScene.h">
      <Filter>소스 파일\03. Scene</Filter>
    </ClInclude>
    <ClInclude Include="CStage01.h">
      <Filter>소스 파일\03. Scene</Filter>
    </ClInclude>
    <ClInclude Include="CStage02.h">
      <Filter>소스 파일\03. Scene</Filter>
    </ClInclude>
    <ClInclude Include="CStage03.h">
      <Filter>소스 파일\03. Scene</Filter>
    </ClInclude>
    <ClInclude Include="CTempStage.h">
      <Filter>소스 파일\03. Scene</Filter>
    </ClInclude>
    <ClInclude Include="CTimerMgr.h">
      <Filter>소스 파일\02. Manager</Filter>
    </ClInclude>
    <ClInclude Include="Mouse.h">
      <Filter>소스 파일\01. Object</Filter>
    </ClInclude>
    <ClInclude Include="targetver.h">
      <Filter>소스 파일\헤더 파일</Filter>
    </ClInclude>
    <ClInclude Include="Resource.h">
      <Filter>소스 파일\헤더 파일</Filter>
    </ClInclude>
    <ClInclude Include="pch.h">
      <Filter>소스 파일\헤더 파일</Filter>
    </ClInclude>
    <ClInclude Include="Define.h">
      <Filter>소스 파일\헤더 파일</Filter>
    </ClInclude>
    <ClInclude Include="framework.h">
      <Filter>소스 파일\헤더 파일</Filter>
    </ClInclude>
    <ClInclude Include="CMainGame.h">
      <Filter>소스 파일\00. MainGame</Filter>
    </ClInclude>
    <ClInclude Include="Jusin_Team_1945.h">
      <Filter>소스 파일\00. MainGame</Filter>
    </ClInclude>
<<<<<<< HEAD
    <ClInclude Include="CItemMgr.h">
      <Filter>소스 파일\02. Manager</Filter>
    </ClInclude>
    <ClInclude Include="CItem_Shield.h">
      <Filter>소스 파일\01. Object\04. Item</Filter>
    </ClInclude>
    <ClInclude Include="CItem_Potion.h">
      <Filter>소스 파일\01. Object\04. Item</Filter>
    </ClInclude>
    <ClInclude Include="CItem_Erase.h">
      <Filter>소스 파일\01. Object\04. Item</Filter>
    </ClInclude>
    <ClInclude Include="CItem_Pet.h">
      <Filter>소스 파일\01. Object\04. Item</Filter>
    </ClInclude>
    <ClInclude Include="CEraser.h">
      <Filter>소스 파일\01. Object\01. Bullet</Filter>
    </ClInclude>
=======
    <ClInclude Include="CUIMgr.h">
      <Filter>소스 파일\02. Manager</Filter>
    </ClInclude>
>>>>>>> origin/aneunsoo
  </ItemGroup>
  <ItemGroup>
    <Image Include="small.ico">
      <Filter>소스 파일\헤더 파일</Filter>
    </Image>
    <Image Include="Jusin_Team_1945.ico">
      <Filter>소스 파일\헤더 파일</Filter>
    </Image>
  </ItemGroup>
  <ItemGroup>
    <Filter Include="소스 파일">
      <UniqueIdentifier>{a90496c6-0361-4924-9410-7bd817d274a8}</UniqueIdentifier>
    </Filter>
    <Filter Include="소스 파일\00. MainGame">
      <UniqueIdentifier>{8ed01b47-f585-40e4-86c8-fb9f7b23a6f8}</UniqueIdentifier>
    </Filter>
    <Filter Include="소스 파일\01. Object">
      <UniqueIdentifier>{aca52f8c-34ee-4a59-88fd-03b16ee8d756}</UniqueIdentifier>
    </Filter>
    <Filter Include="소스 파일\99. Design">
      <UniqueIdentifier>{0cdd379a-0bc8-42b5-879a-6248028b38c8}</UniqueIdentifier>
    </Filter>
    <Filter Include="소스 파일\02. Manager">
      <UniqueIdentifier>{9116500c-d0d0-41c5-8334-d8027f192e97}</UniqueIdentifier>
    </Filter>
    <Filter Include="소스 파일\01. Object\00. Player">
      <UniqueIdentifier>{5345fb90-b5cb-4676-952d-f0876127d7a7}</UniqueIdentifier>
    </Filter>
    <Filter Include="소스 파일\01. Object\01. Bullet">
      <UniqueIdentifier>{824b15bc-fb10-42b8-b4be-cb42e0569c4c}</UniqueIdentifier>
    </Filter>
    <Filter Include="소스 파일\01. Object\02. Boss">
      <UniqueIdentifier>{c18ab2a9-6492-47c5-886c-549618aacaf4}</UniqueIdentifier>
    </Filter>
    <Filter Include="소스 파일\01. Object\03. Monster">
      <UniqueIdentifier>{de719c87-d17c-4b94-861a-bb22e6327912}</UniqueIdentifier>
    </Filter>
    <Filter Include="소스 파일\01. Object\04. Item">
      <UniqueIdentifier>{fe9e9abc-69a2-48cf-aeeb-a43a20e89cc9}</UniqueIdentifier>
    </Filter>
    <Filter Include="소스 파일\헤더 파일">
      <UniqueIdentifier>{d174a4c3-ef11-4bec-88d7-f5cf226dfe20}</UniqueIdentifier>
    </Filter>
    <Filter Include="소스 파일\03. Scene">
      <UniqueIdentifier>{388a3e5a-8bc9-4a23-be16-4ced6bd4f90f}</UniqueIdentifier>
    </Filter>
  </ItemGroup>
  <ItemGroup>
    <ResourceCompile Include="Jusin_Team_1945.rc">
      <Filter>소스 파일\헤더 파일</Filter>
    </ResourceCompile>
  </ItemGroup>
</Project>